// !$*UTF8*$!
{
	archiveVersion = 1;
	classes = {
	};
	objectVersion = 55;
	objects = {

/* Begin PBXBuildFile section */
		A50DFF592872C4D600613B6C /* AppDelegate.m in Sources */ = {isa = PBXBuildFile; fileRef = A50DFF582872C4D600613B6C /* AppDelegate.m */; };
		A50DFF5C2872C4D600613B6C /* SceneDelegate.m in Sources */ = {isa = PBXBuildFile; fileRef = A50DFF5B2872C4D600613B6C /* SceneDelegate.m */; };
		A50DFF5F2872C4D600613B6C /* ViewController.m in Sources */ = {isa = PBXBuildFile; fileRef = A50DFF5E2872C4D600613B6C /* ViewController.m */; };
		A50DFF622872C4D600613B6C /* Main.storyboard in Resources */ = {isa = PBXBuildFile; fileRef = A50DFF602872C4D600613B6C /* Main.storyboard */; };
		A50DFF642872C4D900613B6C /* Assets.xcassets in Resources */ = {isa = PBXBuildFile; fileRef = A50DFF632872C4D900613B6C /* Assets.xcassets */; };
		A50DFF672872C4D900613B6C /* LaunchScreen.storyboard in Resources */ = {isa = PBXBuildFile; fileRef = A50DFF652872C4D900613B6C /* LaunchScreen.storyboard */; };
		A50DFF6A2872C4D900613B6C /* main.m in Sources */ = {isa = PBXBuildFile; fileRef = A50DFF692872C4D900613B6C /* main.m */; };
		A50DFF742872C4DA00613B6C /* CXSCALayerClockTestTests.m in Sources */ = {isa = PBXBuildFile; fileRef = A50DFF732872C4DA00613B6C /* CXSCALayerClockTestTests.m */; };
		A50DFF7E2872C4DA00613B6C /* CXSCALayerClockTestUITests.m in Sources */ = {isa = PBXBuildFile; fileRef = A50DFF7D2872C4DA00613B6C /* CXSCALayerClockTestUITests.m */; };
		A50DFF802872C4DA00613B6C /* CXSCALayerClockTestUITestsLaunchTests.m in Sources */ = {isa = PBXBuildFile; fileRef = A50DFF7F2872C4DA00613B6C /* CXSCALayerClockTestUITestsLaunchTests.m */; };
/* End PBXBuildFile section */

/* Begin PBXContainerItemProxy section */
		A50DFF702872C4D900613B6C /* PBXContainerItemProxy */ = {
			isa = PBXContainerItemProxy;
			containerPortal = A50DFF4C2872C4D600613B6C /* Project object */;
			proxyType = 1;
			remoteGlobalIDString = A50DFF532872C4D600613B6C;
			remoteInfo = CXSCALayerClockTest;
		};
		A50DFF7A2872C4DA00613B6C /* PBXContainerItemProxy */ = {
			isa = PBXContainerItemProxy;
			containerPortal = A50DFF4C2872C4D600613B6C /* Project object */;
			proxyType = 1;
			remoteGlobalIDString = A50DFF532872C4D600613B6C;
			remoteInfo = CXSCALayerClockTest;
		};
/* End PBXContainerItemProxy section */

/* Begin PBXFileReference section */
		A50DFF542872C4D600613B6C /* CXSCALayerClockTest.app */ = {isa = PBXFileReference; explicitFileType = wrapper.application; includeInIndex = 0; path = CXSCALayerClockTest.app; sourceTree = BUILT_PRODUCTS_DIR; };
		A50DFF572872C4D600613B6C /* AppDelegate.h */ = {isa = PBXFileReference; lastKnownFileType = sourcecode.c.h; path = AppDelegate.h; sourceTree = "<group>"; };
		A50DFF582872C4D600613B6C /* AppDelegate.m */ = {isa = PBXFileReference; lastKnownFileType = sourcecode.c.objc; path = AppDelegate.m; sourceTree = "<group>"; };
		A50DFF5A2872C4D600613B6C /* SceneDelegate.h */ = {isa = PBXFileReference; lastKnownFileType = sourcecode.c.h; path = SceneDelegate.h; sourceTree = "<group>"; };
		A50DFF5B2872C4D600613B6C /* SceneDelegate.m */ = {isa = PBXFileReference; lastKnownFileType = sourcecode.c.objc; path = SceneDelegate.m; sourceTree = "<group>"; };
		A50DFF5D2872C4D600613B6C /* ViewController.h */ = {isa = PBXFileReference; lastKnownFileType = sourcecode.c.h; path = ViewController.h; sourceTree = "<group>"; };
		A50DFF5E2872C4D600613B6C /* ViewController.m */ = {isa = PBXFileReference; lastKnownFileType = sourcecode.c.objc; path = ViewController.m; sourceTree = "<group>"; };
		A50DFF612872C4D600613B6C /* Base */ = {isa = PBXFileReference; lastKnownFileType = file.storyboard; name = Base; path = Base.lproj/Main.storyboard; sourceTree = "<group>"; };
		A50DFF632872C4D900613B6C /* Assets.xcassets */ = {isa = PBXFileReference; lastKnownFileType = folder.assetcatalog; path = Assets.xcassets; sourceTree = "<group>"; };
		A50DFF662872C4D900613B6C /* Base */ = {isa = PBXFileReference; lastKnownFileType = file.storyboard; name = Base; path = Base.lproj/LaunchScreen.storyboard; sourceTree = "<group>"; };
		A50DFF682872C4D900613B6C /* Info.plist */ = {isa = PBXFileReference; lastKnownFileType = text.plist.xml; path = Info.plist; sourceTree = "<group>"; };
		A50DFF692872C4D900613B6C /* main.m */ = {isa = PBXFileReference; lastKnownFileType = sourcecode.c.objc; path = main.m; sourceTree = "<group>"; };
		A50DFF6F2872C4D900613B6C /* CXSCALayerClockTestTests.xctest */ = {isa = PBXFileReference; explicitFileType = wrapper.cfbundle; includeInIndex = 0; path = CXSCALayerClockTestTests.xctest; sourceTree = BUILT_PRODUCTS_DIR; };
		A50DFF732872C4DA00613B6C /* CXSCALayerClockTestTests.m */ = {isa = PBXFileReference; lastKnownFileType = sourcecode.c.objc; path = CXSCALayerClockTestTests.m; sourceTree = "<group>"; };
		A50DFF792872C4DA00613B6C /* CXSCALayerClockTestUITests.xctest */ = {isa = PBXFileReference; explicitFileType = wrapper.cfbundle; includeInIndex = 0; path = CXSCALayerClockTestUITests.xctest; sourceTree = BUILT_PRODUCTS_DIR; };
		A50DFF7D2872C4DA00613B6C /* CXSCALayerClockTestUITests.m */ = {isa = PBXFileReference; lastKnownFileType = sourcecode.c.objc; path = CXSCALayerClockTestUITests.m; sourceTree = "<group>"; };
		A50DFF7F2872C4DA00613B6C /* CXSCALayerClockTestUITestsLaunchTests.m */ = {isa = PBXFileReference; lastKnownFileType = sourcecode.c.objc; path = CXSCALayerClockTestUITestsLaunchTests.m; sourceTree = "<group>"; };
/* End PBXFileReference section */

/* Begin PBXFrameworksBuildPhase section */
		A50DFF512872C4D600613B6C /* Frameworks */ = {
			isa = PBXFrameworksBuildPhase;
			buildActionMask = 2147483647;
			files = (
			);
			runOnlyForDeploymentPostprocessing = 0;
		};
		A50DFF6C2872C4D900613B6C /* Frameworks */ = {
			isa = PBXFrameworksBuildPhase;
			buildActionMask = 2147483647;
			files = (
			);
			runOnlyForDeploymentPostprocessing = 0;
		};
		A50DFF762872C4DA00613B6C /* Frameworks */ = {
			isa = PBXFrameworksBuildPhase;
			buildActionMask = 2147483647;
			files = (
			);
			runOnlyForDeploymentPostprocessing = 0;
		};
/* End PBXFrameworksBuildPhase section */

/* Begin PBXGroup section */
		A50DFF4B2872C4D600613B6C = {
			isa = PBXGroup;
			children = (
				A50DFF562872C4D600613B6C /* CXSCALayerClockTest */,
				A50DFF722872C4DA00613B6C /* CXSCALayerClockTestTests */,
				A50DFF7C2872C4DA00613B6C /* CXSCALayerClockTestUITests */,
				A50DFF552872C4D600613B6C /* Products */,
			);
			sourceTree = "<group>";
		};
		A50DFF552872C4D600613B6C /* Products */ = {
			isa = PBXGroup;
			children = (
				A50DFF542872C4D600613B6C /* CXSCALayerClockTest.app */,
				A50DFF6F2872C4D900613B6C /* CXSCALayerClockTestTests.xctest */,
				A50DFF792872C4DA00613B6C /* CXSCALayerClockTestUITests.xctest */,
			);
			name = Products;
			sourceTree = "<group>";
		};
		A50DFF562872C4D600613B6C /* CXSCALayerClockTest */ = {
			isa = PBXGroup;
			children = (
				A50DFF572872C4D600613B6C /* AppDelegate.h */,
				A50DFF582872C4D600613B6C /* AppDelegate.m */,
				A50DFF5A2872C4D600613B6C /* SceneDelegate.h */,
				A50DFF5B2872C4D600613B6C /* SceneDelegate.m */,
				A50DFF5D2872C4D600613B6C /* ViewController.h */,
				A50DFF5E2872C4D600613B6C /* ViewController.m */,
				A50DFF602872C4D600613B6C /* Main.storyboard */,
				A50DFF632872C4D900613B6C /* Assets.xcassets */,
				A50DFF652872C4D900613B6C /* LaunchScreen.storyboard */,
				A50DFF682872C4D900613B6C /* Info.plist */,
				A50DFF692872C4D900613B6C /* main.m */,
			);
			path = CXSCALayerClockTest;
			sourceTree = "<group>";
		};
		A50DFF722872C4DA00613B6C /* CXSCALayerClockTestTests */ = {
			isa = PBXGroup;
			children = (
				A50DFF732872C4DA00613B6C /* CXSCALayerClockTestTests.m */,
			);
			path = CXSCALayerClockTestTests;
			sourceTree = "<group>";
		};
		A50DFF7C2872C4DA00613B6C /* CXSCALayerClockTestUITests */ = {
			isa = PBXGroup;
			children = (
				A50DFF7D2872C4DA00613B6C /* CXSCALayerClockTestUITests.m */,
				A50DFF7F2872C4DA00613B6C /* CXSCALayerClockTestUITestsLaunchTests.m */,
			);
			path = CXSCALayerClockTestUITests;
			sourceTree = "<group>";
		};
/* End PBXGroup section */

/* Begin PBXNativeTarget section */
		A50DFF532872C4D600613B6C /* CXSCALayerClockTest */ = {
			isa = PBXNativeTarget;
			buildConfigurationList = A50DFF832872C4DA00613B6C /* Build configuration list for PBXNativeTarget "CXSCALayerClockTest" */;
			buildPhases = (
				A50DFF502872C4D600613B6C /* Sources */,
				A50DFF512872C4D600613B6C /* Frameworks */,
				A50DFF522872C4D600613B6C /* Resources */,
			);
			buildRules = (
			);
			dependencies = (
			);
			name = CXSCALayerClockTest;
			productName = CXSCALayerClockTest;
			productReference = A50DFF542872C4D600613B6C /* CXSCALayerClockTest.app */;
			productType = "com.apple.product-type.application";
		};
		A50DFF6E2872C4D900613B6C /* CXSCALayerClockTestTests */ = {
			isa = PBXNativeTarget;
			buildConfigurationList = A50DFF862872C4DA00613B6C /* Build configuration list for PBXNativeTarget "CXSCALayerClockTestTests" */;
			buildPhases = (
				A50DFF6B2872C4D900613B6C /* Sources */,
				A50DFF6C2872C4D900613B6C /* Frameworks */,
				A50DFF6D2872C4D900613B6C /* Resources */,
			);
			buildRules = (
			);
			dependencies = (
				A50DFF712872C4D900613B6C /* PBXTargetDependency */,
			);
			name = CXSCALayerClockTestTests;
			productName = CXSCALayerClockTestTests;
			productReference = A50DFF6F2872C4D900613B6C /* CXSCALayerClockTestTests.xctest */;
			productType = "com.apple.product-type.bundle.unit-test";
		};
		A50DFF782872C4DA00613B6C /* CXSCALayerClockTestUITests */ = {
			isa = PBXNativeTarget;
			buildConfigurationList = A50DFF892872C4DA00613B6C /* Build configuration list for PBXNativeTarget "CXSCALayerClockTestUITests" */;
			buildPhases = (
				A50DFF752872C4DA00613B6C /* Sources */,
				A50DFF762872C4DA00613B6C /* Frameworks */,
				A50DFF772872C4DA00613B6C /* Resources */,
			);
			buildRules = (
			);
			dependencies = (
				A50DFF7B2872C4DA00613B6C /* PBXTargetDependency */,
			);
			name = CXSCALayerClockTestUITests;
			productName = CXSCALayerClockTestUITests;
			productReference = A50DFF792872C4DA00613B6C /* CXSCALayerClockTestUITests.xctest */;
			productType = "com.apple.product-type.bundle.ui-testing";
		};
/* End PBXNativeTarget section */

/* Begin PBXProject section */
		A50DFF4C2872C4D600613B6C /* Project object */ = {
			isa = PBXProject;
			attributes = {
				BuildIndependentTargetsInParallel = 1;
				LastUpgradeCheck = 1340;
				TargetAttributes = {
					A50DFF532872C4D600613B6C = {
						CreatedOnToolsVersion = 13.4.1;
					};
					A50DFF6E2872C4D900613B6C = {
						CreatedOnToolsVersion = 13.4.1;
						TestTargetID = A50DFF532872C4D600613B6C;
					};
					A50DFF782872C4DA00613B6C = {
						CreatedOnToolsVersion = 13.4.1;
						TestTargetID = A50DFF532872C4D600613B6C;
					};
				};
			};
			buildConfigurationList = A50DFF4F2872C4D600613B6C /* Build configuration list for PBXProject "CXSCALayerClockTest" */;
			compatibilityVersion = "Xcode 13.0";
			developmentRegion = en;
			hasScannedForEncodings = 0;
			knownRegions = (
				en,
				Base,
			);
			mainGroup = A50DFF4B2872C4D600613B6C;
			productRefGroup = A50DFF552872C4D600613B6C /* Products */;
			projectDirPath = "";
			projectRoot = "";
			targets = (
				A50DFF532872C4D600613B6C /* CXSCALayerClockTest */,
				A50DFF6E2872C4D900613B6C /* CXSCALayerClockTestTests */,
				A50DFF782872C4DA00613B6C /* CXSCALayerClockTestUITests */,
			);
		};
/* End PBXProject section */

/* Begin PBXResourcesBuildPhase section */
		A50DFF522872C4D600613B6C /* Resources */ = {
			isa = PBXResourcesBuildPhase;
			buildActionMask = 2147483647;
			files = (
				A50DFF672872C4D900613B6C /* LaunchScreen.storyboard in Resources */,
				A50DFF642872C4D900613B6C /* Assets.xcassets in Resources */,
				A50DFF622872C4D600613B6C /* Main.storyboard in Resources */,
			);
			runOnlyForDeploymentPostprocessing = 0;
		};
		A50DFF6D2872C4D900613B6C /* Resources */ = {
			isa = PBXResourcesBuildPhase;
			buildActionMask = 2147483647;
			files = (
			);
			runOnlyForDeploymentPostprocessing = 0;
		};
		A50DFF772872C4DA00613B6C /* Resources */ = {
			isa = PBXResourcesBuildPhase;
			buildActionMask = 2147483647;
			files = (
			);
			runOnlyForDeploymentPostprocessing = 0;
		};
/* End PBXResourcesBuildPhase section */

/* Begin PBXSourcesBuildPhase section */
		A50DFF502872C4D600613B6C /* Sources */ = {
			isa = PBXSourcesBuildPhase;
			buildActionMask = 2147483647;
			files = (
				A50DFF5F2872C4D600613B6C /* ViewController.m in Sources */,
				A50DFF592872C4D600613B6C /* AppDelegate.m in Sources */,
				A50DFF6A2872C4D900613B6C /* main.m in Sources */,
				A50DFF5C2872C4D600613B6C /* SceneDelegate.m in Sources */,
			);
			runOnlyForDeploymentPostprocessing = 0;
		};
		A50DFF6B2872C4D900613B6C /* Sources */ = {
			isa = PBXSourcesBuildPhase;
			buildActionMask = 2147483647;
			files = (
				A50DFF742872C4DA00613B6C /* CXSCALayerClockTestTests.m in Sources */,
			);
			runOnlyForDeploymentPostprocessing = 0;
		};
		A50DFF752872C4DA00613B6C /* Sources */ = {
			isa = PBXSourcesBuildPhase;
			buildActionMask = 2147483647;
			files = (
				A50DFF802872C4DA00613B6C /* CXSCALayerClockTestUITestsLaunchTests.m in Sources */,
				A50DFF7E2872C4DA00613B6C /* CXSCALayerClockTestUITests.m in Sources */,
			);
			runOnlyForDeploymentPostprocessing = 0;
		};
/* End PBXSourcesBuildPhase section */

/* Begin PBXTargetDependency section */
		A50DFF712872C4D900613B6C /* PBXTargetDependency */ = {
			isa = PBXTargetDependency;
			target = A50DFF532872C4D600613B6C /* CXSCALayerClockTest */;
			targetProxy = A50DFF702872C4D900613B6C /* PBXContainerItemProxy */;
		};
		A50DFF7B2872C4DA00613B6C /* PBXTargetDependency */ = {
			isa = PBXTargetDependency;
			target = A50DFF532872C4D600613B6C /* CXSCALayerClockTest */;
			targetProxy = A50DFF7A2872C4DA00613B6C /* PBXContainerItemProxy */;
		};
/* End PBXTargetDependency section */

/* Begin PBXVariantGroup section */
		A50DFF602872C4D600613B6C /* Main.storyboard */ = {
			isa = PBXVariantGroup;
			children = (
				A50DFF612872C4D600613B6C /* Base */,
			);
			name = Main.storyboard;
			sourceTree = "<group>";
		};
		A50DFF652872C4D900613B6C /* LaunchScreen.storyboard */ = {
			isa = PBXVariantGroup;
			children = (
				A50DFF662872C4D900613B6C /* Base */,
			);
			name = LaunchScreen.storyboard;
			sourceTree = "<group>";
		};
/* End PBXVariantGroup section */

/* Begin XCBuildConfiguration section */
		A50DFF812872C4DA00613B6C /* Debug */ = {
			isa = XCBuildConfiguration;
			buildSettings = {
				ALWAYS_SEARCH_USER_PATHS = NO;
				CLANG_ANALYZER_NONNULL = YES;
				CLANG_ANALYZER_NUMBER_OBJECT_CONVERSION = YES_AGGRESSIVE;
				CLANG_CXX_LANGUAGE_STANDARD = "gnu++17";
				CLANG_ENABLE_MODULES = YES;
				CLANG_ENABLE_OBJC_ARC = YES;
				CLANG_ENABLE_OBJC_WEAK = YES;
				CLANG_WARN_BLOCK_CAPTURE_AUTORELEASING = YES;
				CLANG_WARN_BOOL_CONVERSION = YES;
				CLANG_WARN_COMMA = YES;
				CLANG_WARN_CONSTANT_CONVERSION = YES;
				CLANG_WARN_DEPRECATED_OBJC_IMPLEMENTATIONS = YES;
				CLANG_WARN_DIRECT_OBJC_ISA_USAGE = YES_ERROR;
				CLANG_WARN_DOCUMENTATION_COMMENTS = YES;
				CLANG_WARN_EMPTY_BODY = YES;
				CLANG_WARN_ENUM_CONVERSION = YES;
				CLANG_WARN_INFINITE_RECURSION = YES;
				CLANG_WARN_INT_CONVERSION = YES;
				CLANG_WARN_NON_LITERAL_NULL_CONVERSION = YES;
				CLANG_WARN_OBJC_IMPLICIT_RETAIN_SELF = YES;
				CLANG_WARN_OBJC_LITERAL_CONVERSION = YES;
				CLANG_WARN_OBJC_ROOT_CLASS = YES_ERROR;
				CLANG_WARN_QUOTED_INCLUDE_IN_FRAMEWORK_HEADER = YES;
				CLANG_WARN_RANGE_LOOP_ANALYSIS = YES;
				CLANG_WARN_STRICT_PROTOTYPES = YES;
				CLANG_WARN_SUSPICIOUS_MOVE = YES;
				CLANG_WARN_UNGUARDED_AVAILABILITY = YES_AGGRESSIVE;
				CLANG_WARN_UNREACHABLE_CODE = YES;
				CLANG_WARN__DUPLICATE_METHOD_MATCH = YES;
				COPY_PHASE_STRIP = NO;
				DEBUG_INFORMATION_FORMAT = dwarf;
				ENABLE_STRICT_OBJC_MSGSEND = YES;
				ENABLE_TESTABILITY = YES;
				GCC_C_LANGUAGE_STANDARD = gnu11;
				GCC_DYNAMIC_NO_PIC = NO;
				GCC_NO_COMMON_BLOCKS = YES;
				GCC_OPTIMIZATION_LEVEL = 0;
				GCC_PREPROCESSOR_DEFINITIONS = (
					"DEBUG=1",
					"$(inherited)",
				);
				GCC_WARN_64_TO_32_BIT_CONVERSION = YES;
				GCC_WARN_ABOUT_RETURN_TYPE = YES_ERROR;
				GCC_WARN_UNDECLARED_SELECTOR = YES;
				GCC_WARN_UNINITIALIZED_AUTOS = YES_AGGRESSIVE;
				GCC_WARN_UNUSED_FUNCTION = YES;
				GCC_WARN_UNUSED_VARIABLE = YES;
				IPHONEOS_DEPLOYMENT_TARGET = 15.5;
				MTL_ENABLE_DEBUG_INFO = INCLUDE_SOURCE;
				MTL_FAST_MATH = YES;
				ONLY_ACTIVE_ARCH = YES;
				SDKROOT = iphoneos;
			};
			name = Debug;
		};
		A50DFF822872C4DA00613B6C /* Release */ = {
			isa = XCBuildConfiguration;
			buildSettings = {
				ALWAYS_SEARCH_USER_PATHS = NO;
				CLANG_ANALYZER_NONNULL = YES;
				CLANG_ANALYZER_NUMBER_OBJECT_CONVERSION = YES_AGGRESSIVE;
				CLANG_CXX_LANGUAGE_STANDARD = "gnu++17";
				CLANG_ENABLE_MODULES = YES;
				CLANG_ENABLE_OBJC_ARC = YES;
				CLANG_ENABLE_OBJC_WEAK = YES;
				CLANG_WARN_BLOCK_CAPTURE_AUTORELEASING = YES;
				CLANG_WARN_BOOL_CONVERSION = YES;
				CLANG_WARN_COMMA = YES;
				CLANG_WARN_CONSTANT_CONVERSION = YES;
				CLANG_WARN_DEPRECATED_OBJC_IMPLEMENTATIONS = YES;
				CLANG_WARN_DIRECT_OBJC_ISA_USAGE = YES_ERROR;
				CLANG_WARN_DOCUMENTATION_COMMENTS = YES;
				CLANG_WARN_EMPTY_BODY = YES;
				CLANG_WARN_ENUM_CONVERSION = YES;
				CLANG_WARN_INFINITE_RECURSION = YES;
				CLANG_WARN_INT_CONVERSION = YES;
				CLANG_WARN_NON_LITERAL_NULL_CONVERSION = YES;
				CLANG_WARN_OBJC_IMPLICIT_RETAIN_SELF = YES;
				CLANG_WARN_OBJC_LITERAL_CONVERSION = YES;
				CLANG_WARN_OBJC_ROOT_CLASS = YES_ERROR;
				CLANG_WARN_QUOTED_INCLUDE_IN_FRAMEWORK_HEADER = YES;
				CLANG_WARN_RANGE_LOOP_ANALYSIS = YES;
				CLANG_WARN_STRICT_PROTOTYPES = YES;
				CLANG_WARN_SUSPICIOUS_MOVE = YES;
				CLANG_WARN_UNGUARDED_AVAILABILITY = YES_AGGRESSIVE;
				CLANG_WARN_UNREACHABLE_CODE = YES;
				CLANG_WARN__DUPLICATE_METHOD_MATCH = YES;
				COPY_PHASE_STRIP = NO;
				DEBUG_INFORMATION_FORMAT = "dwarf-with-dsym";
				ENABLE_NS_ASSERTIONS = NO;
				ENABLE_STRICT_OBJC_MSGSEND = YES;
				GCC_C_LANGUAGE_STANDARD = gnu11;
				GCC_NO_COMMON_BLOCKS = YES;
				GCC_WARN_64_TO_32_BIT_CONVERSION = YES;
				GCC_WARN_ABOUT_RETURN_TYPE = YES_ERROR;
				GCC_WARN_UNDECLARED_SELECTOR = YES;
				GCC_WARN_UNINITIALIZED_AUTOS = YES_AGGRESSIVE;
				GCC_WARN_UNUSED_FUNCTION = YES;
				GCC_WARN_UNUSED_VARIABLE = YES;
				IPHONEOS_DEPLOYMENT_TARGET = 15.5;
				MTL_ENABLE_DEBUG_INFO = NO;
				MTL_FAST_MATH = YES;
				SDKROOT = iphoneos;
				VALIDATE_PRODUCT = YES;
			};
			name = Release;
		};
		A50DFF842872C4DA00613B6C /* Debug */ = {
			isa = XCBuildConfiguration;
			buildSettings = {
				ASSETCATALOG_COMPILER_APPICON_NAME = AppIcon;
				ASSETCATALOG_COMPILER_GLOBAL_ACCENT_COLOR_NAME = AccentColor;
				CODE_SIGN_STYLE = Automatic;
				CURRENT_PROJECT_VERSION = 1;
				DEVELOPMENT_TEAM = 572SR3H6CV;
				GENERATE_INFOPLIST_FILE = YES;
				INFOPLIST_FILE = CXSCALayerClockTest/Info.plist;
				INFOPLIST_KEY_UIApplicationSupportsIndirectInputEvents = YES;
				INFOPLIST_KEY_UILaunchStoryboardName = LaunchScreen;
				INFOPLIST_KEY_UIMainStoryboardFile = Main;
				INFOPLIST_KEY_UISupportedInterfaceOrientations_iPad = "UIInterfaceOrientationPortrait UIInterfaceOrientationPortraitUpsideDown UIInterfaceOrientationLandscapeLeft UIInterfaceOrientationLandscapeRight";
				INFOPLIST_KEY_UISupportedInterfaceOrientations_iPhone = "UIInterfaceOrientationPortrait UIInterfaceOrientationLandscapeLeft UIInterfaceOrientationLandscapeRight";
				LD_RUNPATH_SEARCH_PATHS = (
					"$(inherited)",
					"@executable_path/Frameworks",
				);
				MARKETING_VERSION = 1.0;
				PRODUCT_BUNDLE_IDENTIFIER = chenxinshuang.CXSCALayerClockTest;
				PRODUCT_NAME = "$(TARGET_NAME)";
				SWIFT_EMIT_LOC_STRINGS = YES;
				TARGETED_DEVICE_FAMILY = "1,2";
			};
			name = Debug;
		};
		A50DFF852872C4DA00613B6C /* Release */ = {
			isa = XCBuildConfiguration;
			buildSettings = {
				ASSETCATALOG_COMPILER_APPICON_NAME = AppIcon;
				ASSETCATALOG_COMPILER_GLOBAL_ACCENT_COLOR_NAME = AccentColor;
				CODE_SIGN_STYLE = Automatic;
				CURRENT_PROJECT_VERSION = 1;
				DEVELOPMENT_TEAM = 572SR3H6CV;
				GENERATE_INFOPLIST_FILE = YES;
				INFOPLIST_FILE = CXSCALayerClockTest/Info.plist;
				INFOPLIST_KEY_UIApplicationSupportsIndirectInputEvents = YES;
				INFOPLIST_KEY_UILaunchStoryboardName = LaunchScreen;
				INFOPLIST_KEY_UIMainStoryboardFile = Main;
				INFOPLIST_KEY_UISupportedInterfaceOrientations_iPad = "UIInterfaceOrientationPortrait UIInterfaceOrientationPortraitUpsideDown UIInterfaceOrientationLandscapeLeft UIInterfaceOrientationLandscapeRight";
				INFOPLIST_KEY_UISupportedInterfaceOrientations_iPhone = "UIInterfaceOrientationPortrait UIInterfaceOrientationLandscapeLeft UIInterfaceOrientationLandscapeRight";
				LD_RUNPATH_SEARCH_PATHS = (
					"$(inherited)",
					"@executable_path/Frameworks",
				);
				MARKETING_VERSION = 1.0;
				PRODUCT_BUNDLE_IDENTIFIER = chenxinshuang.CXSCALayerClockTest;
				PRODUCT_NAME = "$(TARGET_NAME)";
				SWIFT_EMIT_LOC_STRINGS = YES;
				TARGETED_DEVICE_FAMILY = "1,2";
			};
			name = Release;
		};
		A50DFF872872C4DA00613B6C /* Debug */ = {
			isa = XCBuildConfiguration;
			buildSettings = {
				BUNDLE_LOADER = "$(TEST_HOST)";
				CODE_SIGN_STYLE = Automatic;
				CURRENT_PROJECT_VERSION = 1;
				DEVELOPMENT_TEAM = 572SR3H6CV;
				GENERATE_INFOPLIST_FILE = YES;
				IPHONEOS_DEPLOYMENT_TARGET = 15.5;
				MARKETING_VERSION = 1.0;
				PRODUCT_BUNDLE_IDENTIFIER = chenxinshuang.CXSCALayerClockTestTests;
				PRODUCT_NAME = "$(TARGET_NAME)";
				SWIFT_EMIT_LOC_STRINGS = NO;
				TARGETED_DEVICE_FAMILY = "1,2";
				TEST_HOST = "$(BUILT_PRODUCTS_DIR)/CXSCALayerClockTest.app/CXSCALayerClockTest";
			};
			name = Debug;
		};
		A50DFF882872C4DA00613B6C /* Release */ = {
			isa = XCBuildConfiguration;
			buildSettings = {
				BUNDLE_LOADER = "$(TEST_HOST)";
				CODE_SIGN_STYLE = Automatic;
				CURRENT_PROJECT_VERSION = 1;
				DEVELOPMENT_TEAM = 572SR3H6CV;
				GENERATE_INFOPLIST_FILE = YES;
				IPHONEOS_DEPLOYMENT_TARGET = 15.5;
				MARKETING_VERSION = 1.0;
				PRODUCT_BUNDLE_IDENTIFIER = chenxinshuang.CXSCALayerClockTestTests;
				PRODUCT_NAME = "$(TARGET_NAME)";
				SWIFT_EMIT_LOC_STRINGS = NO;
				TARGETED_DEVICE_FAMILY = "1,2";
				TEST_HOST = "$(BUILT_PRODUCTS_DIR)/CXSCALayerClockTest.app/CXSCALayerClockTest";
			};
			name = Release;
		};
		A50DFF8A2872C4DA00613B6C /* Debug */ = {
			isa = XCBuildConfiguration;
			buildSettings = {
				CODE_SIGN_STYLE = Automatic;
				CURRENT_PROJECT_VERSION = 1;
				DEVELOPMENT_TEAM = 572SR3H6CV;
				GENERATE_INFOPLIST_FILE = YES;
				MARKETING_VERSION = 1.0;
				PRODUCT_BUNDLE_IDENTIFIER = chenxinshuang.CXSCALayerClockTestUITests;
				PRODUCT_NAME = "$(TARGET_NAME)";
				SWIFT_EMIT_LOC_STRINGS = NO;
				TARGETED_DEVICE_FAMILY = "1,2";
				TEST_TARGET_NAME = CXSCALayerClockTest;
			};
			name = Debug;
		};
		A50DFF8B2872C4DA00613B6C /* Release */ = {
			isa = XCBuildConfiguration;
			buildSettings = {
				CODE_SIGN_STYLE = Automatic;
				CURRENT_PROJECT_VERSION = 1;
				DEVELOPMENT_TEAM = 572SR3H6CV;
				GENERATE_INFOPLIST_FILE = YES;
				MARKETING_VERSION = 1.0;
				PRODUCT_BUNDLE_IDENTIFIER = chenxinshuang.CXSCALayerClockTestUITests;
				PRODUCT_NAME = "$(TARGET_NAME)";
				SWIFT_EMIT_LOC_STRINGS = NO;
				TARGETED_DEVICE_FAMILY = "1,2";
				TEST_TARGET_NAME = CXSCALayerClockTest;
			};
			name = Release;
		};
/* End XCBuildConfiguration section */

/* Begin XCConfigurationList section */
		A50DFF4F2872C4D600613B6C /* Build configuration list for PBXProject "CXSCALayerClockTest" */ = {
			isa = XCConfigurationList;
			buildConfigurations = (
				A50DFF812872C4DA00613B6C /* Debug */,
				A50DFF822872C4DA00613B6C /* Release */,
			);
			defaultConfigurationIsVisible = 0;
			defaultConfigurationName = Release;
		};
		A50DFF832872C4DA00613B6C /* Build configuration list for PBXNativeTarget "CXSCALayerClockTest" */ = {
			isa = XCConfigurationList;
			buildConfigurations = (
				A50DFF842872C4DA00613B6C /* Debug */,
				A50DFF852872C4DA00613B6C /* Release */,
			);
			defaultConfigurationIsVisible = 0;
			defaultConfigurationName = Release;
		};
		A50DFF862872C4DA00613B6C /* Build configuration list for PBXNativeTarget "CXSCALayerClockTestTests" */ = {
			isa = XCConfigurationList;
			buildConfigurations = (
				A50DFF872872C4DA00613B6C /* Debug */,
				A50DFF882872C4DA00613B6C /* Release */,
			);
			defaultConfigurationIsVisible = 0;
			defaultConfigurationName = Release;
		};
		A50DFF892872C4DA00613B6C /* Build configuration list for PBXNativeTarget "CXSCALayerClockTestUITests" */ = {
			isa = XCConfigurationList;
			buildConfigurations = (
				A50DFF8A2872C4DA00613B6C /* Debug */,
				A50DFF8B2872C4DA00613B6C /* Release */,
			);
			defaultConfigurationIsVisible = 0;
			defaultConfigurationName = Release;
		};
/* End XCConfigurationList section */
	};
	rootObject = A50DFF4C2872C4D600613B6C /* Project object */;
}
